// !$*UTF8*$!
{
	archiveVersion = 1;
	classes = {
	};
	objectVersion = 77;
	objects = {

/* Begin PBXBuildFile section */
		0F0F878A2ED44A4200A4F28E /* FirebaseAI in Frameworks */ = {isa = PBXBuildFile; productRef = 0F0F87892ED44A4200A4F28E /* FirebaseAI */; };
		0F0F878C2ED44A4200A4F28E /* FirebaseAILogic in Frameworks */ = {isa = PBXBuildFile; productRef = 0F0F878B2ED44A4200A4F28E /* FirebaseAILogic */; };
		0F0F878E2ED44A4200A4F28E /* FirebaseAnalytics in Frameworks */ = {isa = PBXBuildFile; productRef = 0F0F878D2ED44A4200A4F28E /* FirebaseAnalytics */; };
		0F0F87902ED44A4200A4F28E /* FirebaseAnalyticsCore in Frameworks */ = {isa = PBXBuildFile; productRef = 0F0F878F2ED44A4200A4F28E /* FirebaseAnalyticsCore */; };
		0F0F87922ED44A4200A4F28E /* FirebaseAnalyticsIdentitySupport in Frameworks */ = {isa = PBXBuildFile; productRef = 0F0F87912ED44A4200A4F28E /* FirebaseAnalyticsIdentitySupport */; };
		0F0F87942ED44A4200A4F28E /* FirebaseAppCheck in Frameworks */ = {isa = PBXBuildFile; productRef = 0F0F87932ED44A4200A4F28E /* FirebaseAppCheck */; };
		0F0F87962ED44A4200A4F28E /* FirebaseAppDistribution-Beta in Frameworks */ = {isa = PBXBuildFile; productRef = 0F0F87952ED44A4200A4F28E /* FirebaseAppDistribution-Beta */; };
		0F0F87982ED44A4200A4F28E /* FirebaseAuth in Frameworks */ = {isa = PBXBuildFile; productRef = 0F0F87972ED44A4200A4F28E /* FirebaseAuth */; };
		0F0F879A2ED44A4200A4F28E /* FirebaseAuthCombine-Community in Frameworks */ = {isa = PBXBuildFile; productRef = 0F0F87992ED44A4200A4F28E /* FirebaseAuthCombine-Community */; };
		0F0F879C2ED44A4200A4F28E /* FirebaseCore in Frameworks */ = {isa = PBXBuildFile; productRef = 0F0F879B2ED44A4200A4F28E /* FirebaseCore */; };
		0F0F879E2ED44A4200A4F28E /* FirebaseCrashlytics in Frameworks */ = {isa = PBXBuildFile; productRef = 0F0F879D2ED44A4200A4F28E /* FirebaseCrashlytics */; };
		0F0F87A02ED44A4200A4F28E /* FirebaseDatabase in Frameworks */ = {isa = PBXBuildFile; productRef = 0F0F879F2ED44A4200A4F28E /* FirebaseDatabase */; };
		0F0F87A22ED44A4200A4F28E /* FirebaseFirestore in Frameworks */ = {isa = PBXBuildFile; productRef = 0F0F87A12ED44A4200A4F28E /* FirebaseFirestore */; };
		0F0F87A42ED44A4200A4F28E /* FirebaseFirestoreCombine-Community in Frameworks */ = {isa = PBXBuildFile; productRef = 0F0F87A32ED44A4200A4F28E /* FirebaseFirestoreCombine-Community */; };
		0F0F87A62ED44A4200A4F28E /* FirebaseFunctions in Frameworks */ = {isa = PBXBuildFile; productRef = 0F0F87A52ED44A4200A4F28E /* FirebaseFunctions */; };
		0F0F87A82ED44A4200A4F28E /* FirebaseFunctionsCombine-Community in Frameworks */ = {isa = PBXBuildFile; productRef = 0F0F87A72ED44A4200A4F28E /* FirebaseFunctionsCombine-Community */; };
		0F0F87AA2ED44A4200A4F28E /* FirebaseInAppMessaging-Beta in Frameworks */ = {isa = PBXBuildFile; productRef = 0F0F87A92ED44A4200A4F28E /* FirebaseInAppMessaging-Beta */; };
		0F0F87AC2ED44A4200A4F28E /* FirebaseInstallations in Frameworks */ = {isa = PBXBuildFile; productRef = 0F0F87AB2ED44A4200A4F28E /* FirebaseInstallations */; };
		0F0F87AE2ED44A4200A4F28E /* FirebaseMLModelDownloader in Frameworks */ = {isa = PBXBuildFile; productRef = 0F0F87AD2ED44A4200A4F28E /* FirebaseMLModelDownloader */; };
		0F0F87B02ED44A4200A4F28E /* FirebaseMessaging in Frameworks */ = {isa = PBXBuildFile; productRef = 0F0F87AF2ED44A4200A4F28E /* FirebaseMessaging */; };
		0F0F87B22ED44A4200A4F28E /* FirebasePerformance in Frameworks */ = {isa = PBXBuildFile; productRef = 0F0F87B12ED44A4200A4F28E /* FirebasePerformance */; };
		0F0F87B42ED44A4200A4F28E /* FirebaseRemoteConfig in Frameworks */ = {isa = PBXBuildFile; productRef = 0F0F87B32ED44A4200A4F28E /* FirebaseRemoteConfig */; };
		0F0F87B62ED44A4200A4F28E /* FirebaseStorage in Frameworks */ = {isa = PBXBuildFile; productRef = 0F0F87B52ED44A4200A4F28E /* FirebaseStorage */; };
		0F0F87B82ED44A4200A4F28E /* FirebaseStorageCombine-Community in Frameworks */ = {isa = PBXBuildFile; productRef = 0F0F87B72ED44A4200A4F28E /* FirebaseStorageCombine-Community */; };
		0F0F87BB2ED453B400A4F28E /* GoogleSignIn in Frameworks */ = {isa = PBXBuildFile; productRef = 0F0F87BA2ED453B400A4F28E /* GoogleSignIn */; };
		0F0F87BD2ED453B400A4F28E /* GoogleSignInSwift in Frameworks */ = {isa = PBXBuildFile; productRef = 0F0F87BC2ED453B400A4F28E /* GoogleSignInSwift */; };
/* End PBXBuildFile section */

/* Begin PBXContainerItemProxy section */
		0FF114BB2EC5A69C00A051B8 /* PBXContainerItemProxy */ = {
			isa = PBXContainerItemProxy;
			containerPortal = 0FF114A52EC5A69A00A051B8 /* Project object */;
			proxyType = 1;
			remoteGlobalIDString = 0FF114AC2EC5A69A00A051B8;
			remoteInfo = AppSleeter;
		};
		0FF114C52EC5A69C00A051B8 /* PBXContainerItemProxy */ = {
			isa = PBXContainerItemProxy;
			containerPortal = 0FF114A52EC5A69A00A051B8 /* Project object */;
			proxyType = 1;
			remoteGlobalIDString = 0FF114AC2EC5A69A00A051B8;
			remoteInfo = AppSleeter;
		};
/* End PBXContainerItemProxy section */

/* Begin PBXFileReference section */
		0FF114AD2EC5A69A00A051B8 /* AppSleeter.app */ = {isa = PBXFileReference; explicitFileType = wrapper.application; includeInIndex = 0; path = AppSleeter.app; sourceTree = BUILT_PRODUCTS_DIR; };
		0FF114BA2EC5A69C00A051B8 /* AppSleeterTests.xctest */ = {isa = PBXFileReference; explicitFileType = wrapper.cfbundle; includeInIndex = 0; path = AppSleeterTests.xctest; sourceTree = BUILT_PRODUCTS_DIR; };
		0FF114C42EC5A69C00A051B8 /* AppSleeterUITests.xctest */ = {isa = PBXFileReference; explicitFileType = wrapper.cfbundle; includeInIndex = 0; path = AppSleeterUITests.xctest; sourceTree = BUILT_PRODUCTS_DIR; };
/* End PBXFileReference section */

/* Begin PBXFileSystemSynchronizedBuildFileExceptionSet section */
		0F0F87C12ED463AA00A4F28E /* Exceptions for "AppSleeter" folder in "AppSleeter" target */ = {
			isa = PBXFileSystemSynchronizedBuildFileExceptionSet;
			membershipExceptions = (
				Info.plist,
			);
			target = 0FF114AC2EC5A69A00A051B8 /* AppSleeter */;
		};
/* End PBXFileSystemSynchronizedBuildFileExceptionSet section */

/* Begin PBXFileSystemSynchronizedRootGroup section */
		0FF114AF2EC5A69A00A051B8 /* AppSleeter */ = {
			isa = PBXFileSystemSynchronizedRootGroup;
			exceptions = (
				0F0F87C12ED463AA00A4F28E /* Exceptions for "AppSleeter" folder in "AppSleeter" target */,
			);
			path = AppSleeter;
			sourceTree = "<group>";
		};
		0FF114BD2EC5A69C00A051B8 /* AppSleeterTests */ = {
			isa = PBXFileSystemSynchronizedRootGroup;
			path = AppSleeterTests;
			sourceTree = "<group>";
		};
		0FF114C72EC5A69C00A051B8 /* AppSleeterUITests */ = {
			isa = PBXFileSystemSynchronizedRootGroup;
			path = AppSleeterUITests;
			sourceTree = "<group>";
		};
/* End PBXFileSystemSynchronizedRootGroup section */

/* Begin PBXFrameworksBuildPhase section */
		0FF114AA2EC5A69A00A051B8 /* Frameworks */ = {
			isa = PBXFrameworksBuildPhase;
			buildActionMask = 2147483647;
			files = (
				0F0F87962ED44A4200A4F28E /* FirebaseAppDistribution-Beta in Frameworks */,
				0F0F87A22ED44A4200A4F28E /* FirebaseFirestore in Frameworks */,
				0F0F879A2ED44A4200A4F28E /* FirebaseAuthCombine-Community in Frameworks */,
				0F0F87AC2ED44A4200A4F28E /* FirebaseInstallations in Frameworks */,
				0F0F878C2ED44A4200A4F28E /* FirebaseAILogic in Frameworks */,
				0F0F87BD2ED453B400A4F28E /* GoogleSignInSwift in Frameworks */,
				0F0F87922ED44A4200A4F28E /* FirebaseAnalyticsIdentitySupport in Frameworks */,
				0F0F87AA2ED44A4200A4F28E /* FirebaseInAppMessaging-Beta in Frameworks */,
				0F0F878A2ED44A4200A4F28E /* FirebaseAI in Frameworks */,
				0F0F879E2ED44A4200A4F28E /* FirebaseCrashlytics in Frameworks */,
				0F0F87A82ED44A4200A4F28E /* FirebaseFunctionsCombine-Community in Frameworks */,
				0F0F87B82ED44A4200A4F28E /* FirebaseStorageCombine-Community in Frameworks */,
				0F0F87A02ED44A4200A4F28E /* FirebaseDatabase in Frameworks */,
				0F0F87B62ED44A4200A4F28E /* FirebaseStorage in Frameworks */,
				0F0F87B42ED44A4200A4F28E /* FirebaseRemoteConfig in Frameworks */,
				0F0F878E2ED44A4200A4F28E /* FirebaseAnalytics in Frameworks */,
				0F0F87BB2ED453B400A4F28E /* GoogleSignIn in Frameworks */,
				0F0F87B02ED44A4200A4F28E /* FirebaseMessaging in Frameworks */,
				0F0F87AE2ED44A4200A4F28E /* FirebaseMLModelDownloader in Frameworks */,
				0F0F87B22ED44A4200A4F28E /* FirebasePerformance in Frameworks */,
				0F0F879C2ED44A4200A4F28E /* FirebaseCore in Frameworks */,
				0F0F87942ED44A4200A4F28E /* FirebaseAppCheck in Frameworks */,
				0F0F87902ED44A4200A4F28E /* FirebaseAnalyticsCore in Frameworks */,
				0F0F87A62ED44A4200A4F28E /* FirebaseFunctions in Frameworks */,
				0F0F87982ED44A4200A4F28E /* FirebaseAuth in Frameworks */,
				0F0F87A42ED44A4200A4F28E /* FirebaseFirestoreCombine-Community in Frameworks */,
			);
			runOnlyForDeploymentPostprocessing = 0;
		};
		0FF114B72EC5A69C00A051B8 /* Frameworks */ = {
			isa = PBXFrameworksBuildPhase;
			buildActionMask = 2147483647;
			files = (
			);
			runOnlyForDeploymentPostprocessing = 0;
		};
		0FF114C12EC5A69C00A051B8 /* Frameworks */ = {
			isa = PBXFrameworksBuildPhase;
			buildActionMask = 2147483647;
			files = (
			);
			runOnlyForDeploymentPostprocessing = 0;
		};
/* End PBXFrameworksBuildPhase section */

/* Begin PBXGroup section */
		0FF114A42EC5A69A00A051B8 = {
			isa = PBXGroup;
			children = (
				0FF114AF2EC5A69A00A051B8 /* AppSleeter */,
				0FF114BD2EC5A69C00A051B8 /* AppSleeterTests */,
				0FF114C72EC5A69C00A051B8 /* AppSleeterUITests */,
				0FF114AE2EC5A69A00A051B8 /* Products */,
			);
			sourceTree = "<group>";
		};
		0FF114AE2EC5A69A00A051B8 /* Products */ = {
			isa = PBXGroup;
			children = (
				0FF114AD2EC5A69A00A051B8 /* AppSleeter.app */,
				0FF114BA2EC5A69C00A051B8 /* AppSleeterTests.xctest */,
				0FF114C42EC5A69C00A051B8 /* AppSleeterUITests.xctest */,
			);
			name = Products;
			sourceTree = "<group>";
		};
/* End PBXGroup section */

/* Begin PBXNativeTarget section */
		0FF114AC2EC5A69A00A051B8 /* AppSleeter */ = {
			isa = PBXNativeTarget;
			buildConfigurationList = 0FF114CE2EC5A69C00A051B8 /* Build configuration list for PBXNativeTarget "AppSleeter" */;
			buildPhases = (
				0FF114A92EC5A69A00A051B8 /* Sources */,
				0FF114AA2EC5A69A00A051B8 /* Frameworks */,
				0FF114AB2EC5A69A00A051B8 /* Resources */,
			);
			buildRules = (
			);
			dependencies = (
			);
			fileSystemSynchronizedGroups = (
				0FF114AF2EC5A69A00A051B8 /* AppSleeter */,
			);
			name = AppSleeter;
			packageProductDependencies = (
				0F0F87892ED44A4200A4F28E /* FirebaseAI */,
				0F0F878B2ED44A4200A4F28E /* FirebaseAILogic */,
				0F0F878D2ED44A4200A4F28E /* FirebaseAnalytics */,
				0F0F878F2ED44A4200A4F28E /* FirebaseAnalyticsCore */,
				0F0F87912ED44A4200A4F28E /* FirebaseAnalyticsIdentitySupport */,
				0F0F87932ED44A4200A4F28E /* FirebaseAppCheck */,
				0F0F87952ED44A4200A4F28E /* FirebaseAppDistribution-Beta */,
				0F0F87972ED44A4200A4F28E /* FirebaseAuth */,
				0F0F87992ED44A4200A4F28E /* FirebaseAuthCombine-Community */,
				0F0F879B2ED44A4200A4F28E /* FirebaseCore */,
				0F0F879D2ED44A4200A4F28E /* FirebaseCrashlytics */,
				0F0F879F2ED44A4200A4F28E /* FirebaseDatabase */,
				0F0F87A12ED44A4200A4F28E /* FirebaseFirestore */,
				0F0F87A32ED44A4200A4F28E /* FirebaseFirestoreCombine-Community */,
				0F0F87A52ED44A4200A4F28E /* FirebaseFunctions */,
				0F0F87A72ED44A4200A4F28E /* FirebaseFunctionsCombine-Community */,
				0F0F87A92ED44A4200A4F28E /* FirebaseInAppMessaging-Beta */,
				0F0F87AB2ED44A4200A4F28E /* FirebaseInstallations */,
				0F0F87AD2ED44A4200A4F28E /* FirebaseMLModelDownloader */,
				0F0F87AF2ED44A4200A4F28E /* FirebaseMessaging */,
				0F0F87B12ED44A4200A4F28E /* FirebasePerformance */,
				0F0F87B32ED44A4200A4F28E /* FirebaseRemoteConfig */,
				0F0F87B52ED44A4200A4F28E /* FirebaseStorage */,
				0F0F87B72ED44A4200A4F28E /* FirebaseStorageCombine-Community */,
				0F0F87BA2ED453B400A4F28E /* GoogleSignIn */,
				0F0F87BC2ED453B400A4F28E /* GoogleSignInSwift */,
			);
			productName = AppSleeter;
			productReference = 0FF114AD2EC5A69A00A051B8 /* AppSleeter.app */;
			productType = "com.apple.product-type.application";
		};
		0FF114B92EC5A69C00A051B8 /* AppSleeterTests */ = {
			isa = PBXNativeTarget;
			buildConfigurationList = 0FF114D12EC5A69C00A051B8 /* Build configuration list for PBXNativeTarget "AppSleeterTests" */;
			buildPhases = (
				0FF114B62EC5A69C00A051B8 /* Sources */,
				0FF114B72EC5A69C00A051B8 /* Frameworks */,
				0FF114B82EC5A69C00A051B8 /* Resources */,
			);
			buildRules = (
			);
			dependencies = (
				0FF114BC2EC5A69C00A051B8 /* PBXTargetDependency */,
			);
			fileSystemSynchronizedGroups = (
				0FF114BD2EC5A69C00A051B8 /* AppSleeterTests */,
			);
			name = AppSleeterTests;
			packageProductDependencies = (
			);
			productName = AppSleeterTests;
			productReference = 0FF114BA2EC5A69C00A051B8 /* AppSleeterTests.xctest */;
			productType = "com.apple.product-type.bundle.unit-test";
		};
		0FF114C32EC5A69C00A051B8 /* AppSleeterUITests */ = {
			isa = PBXNativeTarget;
			buildConfigurationList = 0FF114D42EC5A69C00A051B8 /* Build configuration list for PBXNativeTarget "AppSleeterUITests" */;
			buildPhases = (
				0FF114C02EC5A69C00A051B8 /* Sources */,
				0FF114C12EC5A69C00A051B8 /* Frameworks */,
				0FF114C22EC5A69C00A051B8 /* Resources */,
			);
			buildRules = (
			);
			dependencies = (
				0FF114C62EC5A69C00A051B8 /* PBXTargetDependency */,
			);
			fileSystemSynchronizedGroups = (
				0FF114C72EC5A69C00A051B8 /* AppSleeterUITests */,
			);
			name = AppSleeterUITests;
			packageProductDependencies = (
			);
			productName = AppSleeterUITests;
			productReference = 0FF114C42EC5A69C00A051B8 /* AppSleeterUITests.xctest */;
			productType = "com.apple.product-type.bundle.ui-testing";
		};
/* End PBXNativeTarget section */

/* Begin PBXProject section */
		0FF114A52EC5A69A00A051B8 /* Project object */ = {
			isa = PBXProject;
			attributes = {
				BuildIndependentTargetsInParallel = 1;
				LastSwiftUpdateCheck = 2600;
				LastUpgradeCheck = 2600;
				TargetAttributes = {
					0FF114AC2EC5A69A00A051B8 = {
						CreatedOnToolsVersion = 26.0.1;
					};
					0FF114B92EC5A69C00A051B8 = {
						CreatedOnToolsVersion = 26.0.1;
						TestTargetID = 0FF114AC2EC5A69A00A051B8;
					};
					0FF114C32EC5A69C00A051B8 = {
						CreatedOnToolsVersion = 26.0.1;
						TestTargetID = 0FF114AC2EC5A69A00A051B8;
					};
				};
			};
			buildConfigurationList = 0FF114A82EC5A69A00A051B8 /* Build configuration list for PBXProject "AppSleeter" */;
			developmentRegion = en;
			hasScannedForEncodings = 0;
			knownRegions = (
				en,
				Base,
			);
			mainGroup = 0FF114A42EC5A69A00A051B8;
			minimizedProjectReferenceProxies = 1;
			packageReferences = (
				0F0F87882ED43FD300A4F28E /* XCRemoteSwiftPackageReference "firebase-ios-sdk" */,
				0F0F87B92ED453B400A4F28E /* XCRemoteSwiftPackageReference "GoogleSignIn-iOS" */,
			);
			preferredProjectObjectVersion = 77;
			productRefGroup = 0FF114AE2EC5A69A00A051B8 /* Products */;
			projectDirPath = "";
			projectRoot = "";
			targets = (
				0FF114AC2EC5A69A00A051B8 /* AppSleeter */,
				0FF114B92EC5A69C00A051B8 /* AppSleeterTests */,
				0FF114C32EC5A69C00A051B8 /* AppSleeterUITests */,
			);
		};
/* End PBXProject section */

/* Begin PBXResourcesBuildPhase section */
		0FF114AB2EC5A69A00A051B8 /* Resources */ = {
			isa = PBXResourcesBuildPhase;
			buildActionMask = 2147483647;
			files = (
			);
			runOnlyForDeploymentPostprocessing = 0;
		};
		0FF114B82EC5A69C00A051B8 /* Resources */ = {
			isa = PBXResourcesBuildPhase;
			buildActionMask = 2147483647;
			files = (
			);
			runOnlyForDeploymentPostprocessing = 0;
		};
		0FF114C22EC5A69C00A051B8 /* Resources */ = {
			isa = PBXResourcesBuildPhase;
			buildActionMask = 2147483647;
			files = (
			);
			runOnlyForDeploymentPostprocessing = 0;
		};
/* End PBXResourcesBuildPhase section */

/* Begin PBXSourcesBuildPhase section */
		0FF114A92EC5A69A00A051B8 /* Sources */ = {
			isa = PBXSourcesBuildPhase;
			buildActionMask = 2147483647;
			files = (
			);
			runOnlyForDeploymentPostprocessing = 0;
		};
		0FF114B62EC5A69C00A051B8 /* Sources */ = {
			isa = PBXSourcesBuildPhase;
			buildActionMask = 2147483647;
			files = (
			);
			runOnlyForDeploymentPostprocessing = 0;
		};
		0FF114C02EC5A69C00A051B8 /* Sources */ = {
			isa = PBXSourcesBuildPhase;
			buildActionMask = 2147483647;
			files = (
			);
			runOnlyForDeploymentPostprocessing = 0;
		};
/* End PBXSourcesBuildPhase section */

/* Begin PBXTargetDependency section */
		0FF114BC2EC5A69C00A051B8 /* PBXTargetDependency */ = {
			isa = PBXTargetDependency;
			target = 0FF114AC2EC5A69A00A051B8 /* AppSleeter */;
			targetProxy = 0FF114BB2EC5A69C00A051B8 /* PBXContainerItemProxy */;
		};
		0FF114C62EC5A69C00A051B8 /* PBXTargetDependency */ = {
			isa = PBXTargetDependency;
			target = 0FF114AC2EC5A69A00A051B8 /* AppSleeter */;
			targetProxy = 0FF114C52EC5A69C00A051B8 /* PBXContainerItemProxy */;
		};
/* End PBXTargetDependency section */

/* Begin XCBuildConfiguration section */
		0FF114CC2EC5A69C00A051B8 /* Debug */ = {
			isa = XCBuildConfiguration;
			buildSettings = {
				ALWAYS_SEARCH_USER_PATHS = NO;
				ASSETCATALOG_COMPILER_GENERATE_SWIFT_ASSET_SYMBOL_EXTENSIONS = YES;
				CLANG_ANALYZER_NONNULL = YES;
				CLANG_ANALYZER_NUMBER_OBJECT_CONVERSION = YES_AGGRESSIVE;
				CLANG_CXX_LANGUAGE_STANDARD = "gnu++20";
				CLANG_ENABLE_MODULES = YES;
				CLANG_ENABLE_OBJC_ARC = YES;
				CLANG_ENABLE_OBJC_WEAK = YES;
				CLANG_WARN_BLOCK_CAPTURE_AUTORELEASING = YES;
				CLANG_WARN_BOOL_CONVERSION = YES;
				CLANG_WARN_COMMA = YES;
				CLANG_WARN_CONSTANT_CONVERSION = YES;
				CLANG_WARN_DEPRECATED_OBJC_IMPLEMENTATIONS = YES;
				CLANG_WARN_DIRECT_OBJC_ISA_USAGE = YES_ERROR;
				CLANG_WARN_DOCUMENTATION_COMMENTS = YES;
				CLANG_WARN_EMPTY_BODY = YES;
				CLANG_WARN_ENUM_CONVERSION = YES;
				CLANG_WARN_INFINITE_RECURSION = YES;
				CLANG_WARN_INT_CONVERSION = YES;
				CLANG_WARN_NON_LITERAL_NULL_CONVERSION = YES;
				CLANG_WARN_OBJC_IMPLICIT_RETAIN_SELF = YES;
				CLANG_WARN_OBJC_LITERAL_CONVERSION = YES;
				CLANG_WARN_OBJC_ROOT_CLASS = YES_ERROR;
				CLANG_WARN_QUOTED_INCLUDE_IN_FRAMEWORK_HEADER = YES;
				CLANG_WARN_RANGE_LOOP_ANALYSIS = YES;
				CLANG_WARN_STRICT_PROTOTYPES = YES;
				CLANG_WARN_SUSPICIOUS_MOVE = YES;
				CLANG_WARN_UNGUARDED_AVAILABILITY = YES_AGGRESSIVE;
				CLANG_WARN_UNREACHABLE_CODE = YES;
				CLANG_WARN__DUPLICATE_METHOD_MATCH = YES;
				COPY_PHASE_STRIP = NO;
				DEBUG_INFORMATION_FORMAT = dwarf;
				ENABLE_STRICT_OBJC_MSGSEND = YES;
				ENABLE_TESTABILITY = YES;
				ENABLE_USER_SCRIPT_SANDBOXING = YES;
				GCC_C_LANGUAGE_STANDARD = gnu17;
				GCC_DYNAMIC_NO_PIC = NO;
				GCC_NO_COMMON_BLOCKS = YES;
				GCC_OPTIMIZATION_LEVEL = 0;
				GCC_PREPROCESSOR_DEFINITIONS = (
					"DEBUG=1",
					"$(inherited)",
				);
				GCC_WARN_64_TO_32_BIT_CONVERSION = YES;
				GCC_WARN_ABOUT_RETURN_TYPE = YES_ERROR;
				GCC_WARN_UNDECLARED_SELECTOR = YES;
				GCC_WARN_UNINITIALIZED_AUTOS = YES_AGGRESSIVE;
				GCC_WARN_UNUSED_FUNCTION = YES;
				GCC_WARN_UNUSED_VARIABLE = YES;
				IPHONEOS_DEPLOYMENT_TARGET = 26.0;
				LOCALIZATION_PREFERS_STRING_CATALOGS = YES;
				MTL_ENABLE_DEBUG_INFO = INCLUDE_SOURCE;
				MTL_FAST_MATH = YES;
				ONLY_ACTIVE_ARCH = YES;
				SDKROOT = iphoneos;
				SWIFT_ACTIVE_COMPILATION_CONDITIONS = "DEBUG $(inherited)";
				SWIFT_OPTIMIZATION_LEVEL = "-Onone";
			};
			name = Debug;
		};
		0FF114CD2EC5A69C00A051B8 /* Release */ = {
			isa = XCBuildConfiguration;
			buildSettings = {
				ALWAYS_SEARCH_USER_PATHS = NO;
				ASSETCATALOG_COMPILER_GENERATE_SWIFT_ASSET_SYMBOL_EXTENSIONS = YES;
				CLANG_ANALYZER_NONNULL = YES;
				CLANG_ANALYZER_NUMBER_OBJECT_CONVERSION = YES_AGGRESSIVE;
				CLANG_CXX_LANGUAGE_STANDARD = "gnu++20";
				CLANG_ENABLE_MODULES = YES;
				CLANG_ENABLE_OBJC_ARC = YES;
				CLANG_ENABLE_OBJC_WEAK = YES;
				CLANG_WARN_BLOCK_CAPTURE_AUTORELEASING = YES;
				CLANG_WARN_BOOL_CONVERSION = YES;
				CLANG_WARN_COMMA = YES;
				CLANG_WARN_CONSTANT_CONVERSION = YES;
				CLANG_WARN_DEPRECATED_OBJC_IMPLEMENTATIONS = YES;
				CLANG_WARN_DIRECT_OBJC_ISA_USAGE = YES_ERROR;
				CLANG_WARN_DOCUMENTATION_COMMENTS = YES;
				CLANG_WARN_EMPTY_BODY = YES;
				CLANG_WARN_ENUM_CONVERSION = YES;
				CLANG_WARN_INFINITE_RECURSION = YES;
				CLANG_WARN_INT_CONVERSION = YES;
				CLANG_WARN_NON_LITERAL_NULL_CONVERSION = YES;
				CLANG_WARN_OBJC_IMPLICIT_RETAIN_SELF = YES;
				CLANG_WARN_OBJC_LITERAL_CONVERSION = YES;
				CLANG_WARN_OBJC_ROOT_CLASS = YES_ERROR;
				CLANG_WARN_QUOTED_INCLUDE_IN_FRAMEWORK_HEADER = YES;
				CLANG_WARN_RANGE_LOOP_ANALYSIS = YES;
				CLANG_WARN_STRICT_PROTOTYPES = YES;
				CLANG_WARN_SUSPICIOUS_MOVE = YES;
				CLANG_WARN_UNGUARDED_AVAILABILITY = YES_AGGRESSIVE;
				CLANG_WARN_UNREACHABLE_CODE = YES;
				CLANG_WARN__DUPLICATE_METHOD_MATCH = YES;
				COPY_PHASE_STRIP = NO;
				DEBUG_INFORMATION_FORMAT = "dwarf-with-dsym";
				ENABLE_NS_ASSERTIONS = NO;
				ENABLE_STRICT_OBJC_MSGSEND = YES;
				ENABLE_USER_SCRIPT_SANDBOXING = YES;
				GCC_C_LANGUAGE_STANDARD = gnu17;
				GCC_NO_COMMON_BLOCKS = YES;
				GCC_WARN_64_TO_32_BIT_CONVERSION = YES;
				GCC_WARN_ABOUT_RETURN_TYPE = YES_ERROR;
				GCC_WARN_UNDECLARED_SELECTOR = YES;
				GCC_WARN_UNINITIALIZED_AUTOS = YES_AGGRESSIVE;
				GCC_WARN_UNUSED_FUNCTION = YES;
				GCC_WARN_UNUSED_VARIABLE = YES;
				IPHONEOS_DEPLOYMENT_TARGET = 26.0;
				LOCALIZATION_PREFERS_STRING_CATALOGS = YES;
				MTL_ENABLE_DEBUG_INFO = NO;
				MTL_FAST_MATH = YES;
				SDKROOT = iphoneos;
				SWIFT_COMPILATION_MODE = wholemodule;
				VALIDATE_PRODUCT = YES;
			};
			name = Release;
		};
		0FF114CF2EC5A69C00A051B8 /* Debug */ = {
			isa = XCBuildConfiguration;
			buildSettings = {
				ASSETCATALOG_COMPILER_APPICON_NAME = AppIcon;
				ASSETCATALOG_COMPILER_GLOBAL_ACCENT_COLOR_NAME = AccentColor;
				CODE_SIGN_STYLE = Automatic;
				CURRENT_PROJECT_VERSION = 1;
				ENABLE_PREVIEWS = YES;
				GENERATE_INFOPLIST_FILE = YES;
				INFOPLIST_FILE = AppSleeter/Info.plist;
				INFOPLIST_KEY_UIApplicationSceneManifest_Generation = YES;
				INFOPLIST_KEY_UIApplicationSupportsIndirectInputEvents = YES;
				INFOPLIST_KEY_UILaunchScreen_Generation = YES;
				INFOPLIST_KEY_UISupportedInterfaceOrientations_iPad = "UIInterfaceOrientationPortrait UIInterfaceOrientationPortraitUpsideDown UIInterfaceOrientationLandscapeLeft UIInterfaceOrientationLandscapeRight";
				INFOPLIST_KEY_UISupportedInterfaceOrientations_iPhone = "UIInterfaceOrientationPortrait UIInterfaceOrientationLandscapeLeft UIInterfaceOrientationLandscapeRight";
				LD_RUNPATH_SEARCH_PATHS = (
					"$(inherited)",
					"@executable_path/Frameworks",
				);
				MARKETING_VERSION = 1.0;
				PRODUCT_BUNDLE_IDENTIFIER = Main.AppSleeter;
				PRODUCT_NAME = "$(TARGET_NAME)";
				STRING_CATALOG_GENERATE_SYMBOLS = YES;
				SWIFT_APPROACHABLE_CONCURRENCY = YES;
				SWIFT_DEFAULT_ACTOR_ISOLATION = MainActor;
				SWIFT_EMIT_LOC_STRINGS = YES;
				SWIFT_UPCOMING_FEATURE_MEMBER_IMPORT_VISIBILITY = YES;
				SWIFT_VERSION = 5.0;
				TARGETED_DEVICE_FAMILY = "1,2";
			};
			name = Debug;
		};
		0FF114D02EC5A69C00A051B8 /* Release */ = {
			isa = XCBuildConfiguration;
			buildSettings = {
				ASSETCATALOG_COMPILER_APPICON_NAME = AppIcon;
				ASSETCATALOG_COMPILER_GLOBAL_ACCENT_COLOR_NAME = AccentColor;
				CODE_SIGN_STYLE = Automatic;
				CURRENT_PROJECT_VERSION = 1;
				ENABLE_PREVIEWS = YES;
				GENERATE_INFOPLIST_FILE = YES;
				INFOPLIST_FILE = AppSleeter/Info.plist;
				INFOPLIST_KEY_UIApplicationSceneManifest_Generation = YES;
				INFOPLIST_KEY_UIApplicationSupportsIndirectInputEvents = YES;
				INFOPLIST_KEY_UILaunchScreen_Generation = YES;
				INFOPLIST_KEY_UISupportedInterfaceOrientations_iPad = "UIInterfaceOrientationPortrait UIInterfaceOrientationPortraitUpsideDown UIInterfaceOrientationLandscapeLeft UIInterfaceOrientationLandscapeRight";
				INFOPLIST_KEY_UISupportedInterfaceOrientations_iPhone = "UIInterfaceOrientationPortrait UIInterfaceOrientationLandscapeLeft UIInterfaceOrientationLandscapeRight";
				LD_RUNPATH_SEARCH_PATHS = (
					"$(inherited)",
					"@executable_path/Frameworks",
				);
				MARKETING_VERSION = 1.0;
				PRODUCT_BUNDLE_IDENTIFIER = Main.AppSleeter;
				PRODUCT_NAME = "$(TARGET_NAME)";
				STRING_CATALOG_GENERATE_SYMBOLS = YES;
				SWIFT_APPROACHABLE_CONCURRENCY = YES;
				SWIFT_DEFAULT_ACTOR_ISOLATION = MainActor;
				SWIFT_EMIT_LOC_STRINGS = YES;
				SWIFT_UPCOMING_FEATURE_MEMBER_IMPORT_VISIBILITY = YES;
				SWIFT_VERSION = 5.0;
				TARGETED_DEVICE_FAMILY = "1,2";
			};
			name = Release;
		};
		0FF114D22EC5A69C00A051B8 /* Debug */ = {
			isa = XCBuildConfiguration;
			buildSettings = {
				BUNDLE_LOADER = "$(TEST_HOST)";
				CODE_SIGN_STYLE = Automatic;
				CURRENT_PROJECT_VERSION = 1;
				GENERATE_INFOPLIST_FILE = YES;
				IPHONEOS_DEPLOYMENT_TARGET = 26.0;
				MARKETING_VERSION = 1.0;
				PRODUCT_BUNDLE_IDENTIFIER = Main.AppSleeterTests;
				PRODUCT_NAME = "$(TARGET_NAME)";
				STRING_CATALOG_GENERATE_SYMBOLS = NO;
				SWIFT_APPROACHABLE_CONCURRENCY = YES;
				SWIFT_EMIT_LOC_STRINGS = NO;
				SWIFT_UPCOMING_FEATURE_MEMBER_IMPORT_VISIBILITY = YES;
				SWIFT_VERSION = 5.0;
				TARGETED_DEVICE_FAMILY = "1,2";
				TEST_HOST = "$(BUILT_PRODUCTS_DIR)/AppSleeter.app/$(BUNDLE_EXECUTABLE_FOLDER_PATH)/AppSleeter";
			};
			name = Debug;
		};
		0FF114D32EC5A69C00A051B8 /* Release */ = {
			isa = XCBuildConfiguration;
			buildSettings = {
				BUNDLE_LOADER = "$(TEST_HOST)";
				CODE_SIGN_STYLE = Automatic;
				CURRENT_PROJECT_VERSION = 1;
				GENERATE_INFOPLIST_FILE = YES;
				IPHONEOS_DEPLOYMENT_TARGET = 26.0;
				MARKETING_VERSION = 1.0;
				PRODUCT_BUNDLE_IDENTIFIER = Main.AppSleeterTests;
				PRODUCT_NAME = "$(TARGET_NAME)";
				STRING_CATALOG_GENERATE_SYMBOLS = NO;
				SWIFT_APPROACHABLE_CONCURRENCY = YES;
				SWIFT_EMIT_LOC_STRINGS = NO;
				SWIFT_UPCOMING_FEATURE_MEMBER_IMPORT_VISIBILITY = YES;
				SWIFT_VERSION = 5.0;
				TARGETED_DEVICE_FAMILY = "1,2";
				TEST_HOST = "$(BUILT_PRODUCTS_DIR)/AppSleeter.app/$(BUNDLE_EXECUTABLE_FOLDER_PATH)/AppSleeter";
			};
			name = Release;
		};
		0FF114D52EC5A69C00A051B8 /* Debug */ = {
			isa = XCBuildConfiguration;
			buildSettings = {
				CODE_SIGN_STYLE = Automatic;
				CURRENT_PROJECT_VERSION = 1;
				GENERATE_INFOPLIST_FILE = YES;
				MARKETING_VERSION = 1.0;
				PRODUCT_BUNDLE_IDENTIFIER = Main.AppSleeterUITests;
				PRODUCT_NAME = "$(TARGET_NAME)";
				STRING_CATALOG_GENERATE_SYMBOLS = NO;
				SWIFT_APPROACHABLE_CONCURRENCY = YES;
				SWIFT_EMIT_LOC_STRINGS = NO;
				SWIFT_UPCOMING_FEATURE_MEMBER_IMPORT_VISIBILITY = YES;
				SWIFT_VERSION = 5.0;
				TARGETED_DEVICE_FAMILY = "1,2";
				TEST_TARGET_NAME = AppSleeter;
			};
			name = Debug;
		};
		0FF114D62EC5A69C00A051B8 /* Release */ = {
			isa = XCBuildConfiguration;
			buildSettings = {
				CODE_SIGN_STYLE = Automatic;
				CURRENT_PROJECT_VERSION = 1;
				GENERATE_INFOPLIST_FILE = YES;
				MARKETING_VERSION = 1.0;
				PRODUCT_BUNDLE_IDENTIFIER = Main.AppSleeterUITests;
				PRODUCT_NAME = "$(TARGET_NAME)";
				STRING_CATALOG_GENERATE_SYMBOLS = NO;
				SWIFT_APPROACHABLE_CONCURRENCY = YES;
				SWIFT_EMIT_LOC_STRINGS = NO;
				SWIFT_UPCOMING_FEATURE_MEMBER_IMPORT_VISIBILITY = YES;
				SWIFT_VERSION = 5.0;
				TARGETED_DEVICE_FAMILY = "1,2";
				TEST_TARGET_NAME = AppSleeter;
			};
			name = Release;
		};
/* End XCBuildConfiguration section */

/* Begin XCConfigurationList section */
		0FF114A82EC5A69A00A051B8 /* Build configuration list for PBXProject "AppSleeter" */ = {
			isa = XCConfigurationList;
			buildConfigurations = (
				0FF114CC2EC5A69C00A051B8 /* Debug */,
				0FF114CD2EC5A69C00A051B8 /* Release */,
			);
			defaultConfigurationIsVisible = 0;
			defaultConfigurationName = Release;
		};
		0FF114CE2EC5A69C00A051B8 /* Build configuration list for PBXNativeTarget "AppSleeter" */ = {
			isa = XCConfigurationList;
			buildConfigurations = (
				0FF114CF2EC5A69C00A051B8 /* Debug */,
				0FF114D02EC5A69C00A051B8 /* Release */,
			);
			defaultConfigurationIsVisible = 0;
			defaultConfigurationName = Release;
		};
		0FF114D12EC5A69C00A051B8 /* Build configuration list for PBXNativeTarget "AppSleeterTests" */ = {
			isa = XCConfigurationList;
			buildConfigurations = (
				0FF114D22EC5A69C00A051B8 /* Debug */,
				0FF114D32EC5A69C00A051B8 /* Release */,
			);
			defaultConfigurationIsVisible = 0;
			defaultConfigurationName = Release;
		};
		0FF114D42EC5A69C00A051B8 /* Build configuration list for PBXNativeTarget "AppSleeterUITests" */ = {
			isa = XCConfigurationList;
			buildConfigurations = (
				0FF114D52EC5A69C00A051B8 /* Debug */,
				0FF114D62EC5A69C00A051B8 /* Release */,
			);
			defaultConfigurationIsVisible = 0;
			defaultConfigurationName = Release;
		};
/* End XCConfigurationList section */

/* Begin XCRemoteSwiftPackageReference section */
		0F0F87882ED43FD300A4F28E /* XCRemoteSwiftPackageReference "firebase-ios-sdk" */ = {
			isa = XCRemoteSwiftPackageReference;
			repositoryURL = "https://github.com/firebase/firebase-ios-sdk";
			requirement = {
				kind = upToNextMajorVersion;
				minimumVersion = 12.6.0;
			};
		};
		0F0F87B92ED453B400A4F28E /* XCRemoteSwiftPackageReference "GoogleSignIn-iOS" */ = {
			isa = XCRemoteSwiftPackageReference;
			repositoryURL = "https://github.com/google/GoogleSignIn-iOS";
			requirement = {
				kind = upToNextMajorVersion;
				minimumVersion = 9.0.0;
			};
		};
/* End XCRemoteSwiftPackageReference section */

/* Begin XCSwiftPackageProductDependency section */
		0F0F87892ED44A4200A4F28E /* FirebaseAI */ = {
			isa = XCSwiftPackageProductDependency;
			package = 0F0F87882ED43FD300A4F28E /* XCRemoteSwiftPackageReference "firebase-ios-sdk" */;
			productName = FirebaseAI;
		};
		0F0F878B2ED44A4200A4F28E /* FirebaseAILogic */ = {
			isa = XCSwiftPackageProductDependency;
			package = 0F0F87882ED43FD300A4F28E /* XCRemoteSwiftPackageReference "firebase-ios-sdk" */;
			productName = FirebaseAILogic;
		};
		0F0F878D2ED44A4200A4F28E /* FirebaseAnalytics */ = {
			isa = XCSwiftPackageProductDependency;
			package = 0F0F87882ED43FD300A4F28E /* XCRemoteSwiftPackageReference "firebase-ios-sdk" */;
			productName = FirebaseAnalytics;
		};
		0F0F878F2ED44A4200A4F28E /* FirebaseAnalyticsCore */ = {
			isa = XCSwiftPackageProductDependency;
			package = 0F0F87882ED43FD300A4F28E /* XCRemoteSwiftPackageReference "firebase-ios-sdk" */;
			productName = FirebaseAnalyticsCore;
		};
		0F0F87912ED44A4200A4F28E /* FirebaseAnalyticsIdentitySupport */ = {
			isa = XCSwiftPackageProductDependency;
			package = 0F0F87882ED43FD300A4F28E /* XCRemoteSwiftPackageReference "firebase-ios-sdk" */;
			productName = FirebaseAnalyticsIdentitySupport;
		};
		0F0F87932ED44A4200A4F28E /* FirebaseAppCheck */ = {
			isa = XCSwiftPackageProductDependency;
			package = 0F0F87882ED43FD300A4F28E /* XCRemoteSwiftPackageReference "firebase-ios-sdk" */;
			productName = FirebaseAppCheck;
		};
		0F0F87952ED44A4200A4F28E /* FirebaseAppDistribution-Beta */ = {
			isa = XCSwiftPackageProductDependency;
			package = 0F0F87882ED43FD300A4F28E /* XCRemoteSwiftPackageReference "firebase-ios-sdk" */;
			productName = "FirebaseAppDistribution-Beta";
		};
		0F0F87972ED44A4200A4F28E /* FirebaseAuth */ = {
			isa = XCSwiftPackageProductDependency;
			package = 0F0F87882ED43FD300A4F28E /* XCRemoteSwiftPackageReference "firebase-ios-sdk" */;
			productName = FirebaseAuth;
		};
		0F0F87992ED44A4200A4F28E /* FirebaseAuthCombine-Community */ = {
			isa = XCSwiftPackageProductDependency;
			package = 0F0F87882ED43FD300A4F28E /* XCRemoteSwiftPackageReference "firebase-ios-sdk" */;
			productName = "FirebaseAuthCombine-Community";
		};
		0F0F879B2ED44A4200A4F28E /* FirebaseCore */ = {
			isa = XCSwiftPackageProductDependency;
			package = 0F0F87882ED43FD300A4F28E /* XCRemoteSwiftPackageReference "firebase-ios-sdk" */;
			productName = FirebaseCore;
		};
		0F0F879D2ED44A4200A4F28E /* FirebaseCrashlytics */ = {
			isa = XCSwiftPackageProductDependency;
			package = 0F0F87882ED43FD300A4F28E /* XCRemoteSwiftPackageReference "firebase-ios-sdk" */;
			productName = FirebaseCrashlytics;
		};
		0F0F879F2ED44A4200A4F28E /* FirebaseDatabase */ = {
			isa = XCSwiftPackageProductDependency;
			package = 0F0F87882ED43FD300A4F28E /* XCRemoteSwiftPackageReference "firebase-ios-sdk" */;
			productName = FirebaseDatabase;
		};
		0F0F87A12ED44A4200A4F28E /* FirebaseFirestore */ = {
			isa = XCSwiftPackageProductDependency;
			package = 0F0F87882ED43FD300A4F28E /* XCRemoteSwiftPackageReference "firebase-ios-sdk" */;
			productName = FirebaseFirestore;
		};
		0F0F87A32ED44A4200A4F28E /* FirebaseFirestoreCombine-Community */ = {
			isa = XCSwiftPackageProductDependency;
			package = 0F0F87882ED43FD300A4F28E /* XCRemoteSwiftPackageReference "firebase-ios-sdk" */;
			productName = "FirebaseFirestoreCombine-Community";
		};
		0F0F87A52ED44A4200A4F28E /* FirebaseFunctions */ = {
			isa = XCSwiftPackageProductDependency;
			package = 0F0F87882ED43FD300A4F28E /* XCRemoteSwiftPackageReference "firebase-ios-sdk" */;
			productName = FirebaseFunctions;
		};
		0F0F87A72ED44A4200A4F28E /* FirebaseFunctionsCombine-Community */ = {
			isa = XCSwiftPackageProductDependency;
			package = 0F0F87882ED43FD300A4F28E /* XCRemoteSwiftPackageReference "firebase-ios-sdk" */;
			productName = "FirebaseFunctionsCombine-Community";
		};
		0F0F87A92ED44A4200A4F28E /* FirebaseInAppMessaging-Beta */ = {
			isa = XCSwiftPackageProductDependency;
			package = 0F0F87882ED43FD300A4F28E /* XCRemoteSwiftPackageReference "firebase-ios-sdk" */;
			productName = "FirebaseInAppMessaging-Beta";
		};
		0F0F87AB2ED44A4200A4F28E /* FirebaseInstallations */ = {
			isa = XCSwiftPackageProductDependency;
			package = 0F0F87882ED43FD300A4F28E /* XCRemoteSwiftPackageReference "firebase-ios-sdk" */;
			productName = FirebaseInstallations;
		};
		0F0F87AD2ED44A4200A4F28E /* FirebaseMLModelDownloader */ = {
			isa = XCSwiftPackageProductDependency;
			package = 0F0F87882ED43FD300A4F28E /* XCRemoteSwiftPackageReference "firebase-ios-sdk" */;
			productName = FirebaseMLModelDownloader;
		};
		0F0F87AF2ED44A4200A4F28E /* FirebaseMessaging */ = {
			isa = XCSwiftPackageProductDependency;
			package = 0F0F87882ED43FD300A4F28E /* XCRemoteSwiftPackageReference "firebase-ios-sdk" */;
			productName = FirebaseMessaging;
		};
		0F0F87B12ED44A4200A4F28E /* FirebasePerformance */ = {
			isa = XCSwiftPackageProductDependency;
			package = 0F0F87882ED43FD300A4F28E /* XCRemoteSwiftPackageReference "firebase-ios-sdk" */;
			productName = FirebasePerformance;
		};
		0F0F87B32ED44A4200A4F28E /* FirebaseRemoteConfig */ = {
			isa = XCSwiftPackageProductDependency;
			package = 0F0F87882ED43FD300A4F28E /* XCRemoteSwiftPackageReference "firebase-ios-sdk" */;
			productName = FirebaseRemoteConfig;
		};
		0F0F87B52ED44A4200A4F28E /* FirebaseStorage */ = {
			isa = XCSwiftPackageProductDependency;
			package = 0F0F87882ED43FD300A4F28E /* XCRemoteSwiftPackageReference "firebase-ios-sdk" */;
			productName = FirebaseStorage;
		};
		0F0F87B72ED44A4200A4F28E /* FirebaseStorageCombine-Community */ = {
			isa = XCSwiftPackageProductDependency;
			package = 0F0F87882ED43FD300A4F28E /* XCRemoteSwiftPackageReference "firebase-ios-sdk" */;
			productName = "FirebaseStorageCombine-Community";
		};
		0F0F87BA2ED453B400A4F28E /* GoogleSignIn */ = {
			isa = XCSwiftPackageProductDependency;
			package = 0F0F87B92ED453B400A4F28E /* XCRemoteSwiftPackageReference "GoogleSignIn-iOS" */;
			productName = GoogleSignIn;
		};
		0F0F87BC2ED453B400A4F28E /* GoogleSignInSwift */ = {
			isa = XCSwiftPackageProductDependency;
			package = 0F0F87B92ED453B400A4F28E /* XCRemoteSwiftPackageReference "GoogleSignIn-iOS" */;
			productName = GoogleSignInSwift;
		};
/* End XCSwiftPackageProductDependency section */
	};
	rootObject = 0FF114A52EC5A69A00A051B8 /* Project object */;
}
